# THIS IS AN AUTOGENERATED FILE. DO NOT EDIT THIS FILE DIRECTLY.
# yarn lockfile v1


argparse@^2.0.1:
  version "2.0.1"
  resolved "https://registry.npmjs.org/argparse/-/argparse-2.0.1.tgz"
  integrity sha512-8+9WqebbFzpX9OR+Wa6O29asIogeRMzcGtAINdpMHHyAg10f05aSFVBbcEqGf/PXw1EjAZ+q2/bEBg3DvurK3Q==

entities@~2.1.0:
  version "2.1.0"
  resolved "https://registry.npmjs.org/entities/-/entities-2.1.0.tgz"
  integrity sha512-hCx1oky9PFrJ611mf0ifBLBRW8lUUVRlFolb5gWRfIELabBlbp9xZvrqZLZAs+NxFnbfQoeGd8wDkygjg7U85w==

jsonc-parser@^3.0.0:
  version "3.0.0"
  resolved "https://registry.npmjs.org/jsonc-parser/-/jsonc-parser-3.0.0.tgz"
  integrity sha512-fQzRfAbIBnR0IQvftw9FJveWiHp72Fg20giDrHz6TdfB12UH/uue0D3hm57UB5KgAVuniLMCaS8P1IMj9NR7cA==

linkify-it@^3.0.1:
  version "3.0.3"
  resolved "https://registry.npmjs.org/linkify-it/-/linkify-it-3.0.3.tgz"
  integrity sha512-ynTsyrFSdE5oZ/O9GEf00kPngmOfVwazR5GKDq6EYfhlpFug3J2zybX56a2PRRpc9P+FuSoGNAwjlbDs9jJBPQ==
  dependencies:
    uc.micro "^1.0.1"

markdown-it-container@^3.0.0:
  version "3.0.0"
  resolved "https://registry.npmjs.org/markdown-it-container/-/markdown-it-container-3.0.0.tgz"
  integrity sha512-y6oKTq4BB9OQuY/KLfk/O3ysFhB3IMYoIWhGJEidXt1NQFocFK2sA2t0NYZAMyMShAGL6x5OPIbrmXPIqaN9rw==

markdown-it@^12.3.2:
  version "12.3.2"
  resolved "https://registry.npmjs.org/markdown-it/-/markdown-it-12.3.2.tgz"
  integrity sha512-TchMembfxfNVpHkbtriWltGWc+m3xszaRD0CZup7GFFhzIgQqxIfn3eGj1yZpfuflzPvfkt611B2Q/Bsk1YnGg==
  dependencies:
    argparse "^2.0.1"
    entities "~2.1.0"
    linkify-it "^3.0.1"
    mdurl "^1.0.1"
    uc.micro "^1.0.5"

mdurl@^1.0.1:
  version "1.0.1"
  resolved "https://registry.npmjs.org/mdurl/-/mdurl-1.0.1.tgz"
  integrity sha1-/oWy7HWlkDfyrf7BAP1sYBdhFS4=

shiki@^0.10.1:
  version "0.10.1"
  resolved "https://registry.npmjs.org/shiki/-/shiki-0.10.1.tgz"
  integrity sha512-VsY7QJVzU51j5o1+DguUd+6vmCmZ5v/6gYu4vyYAhzjuNQU6P/vmSy4uQaOhvje031qQMiW0d2BwgMH52vqMng==
  dependencies:
    jsonc-parser "^3.0.0"
    vscode-oniguruma "^1.6.1"
    vscode-textmate "5.2.0"

uc.micro@^1.0.1, uc.micro@^1.0.5:
  version "1.0.6"
  resolved "https://registry.npmjs.org/uc.micro/-/uc.micro-1.0.6.tgz"
  integrity sha512-8Y75pvTYkLJW2hWQHXxoqRgV7qb9B+9vFEtidML+7koHUFapnVJAZ6cKs+Qjz5Aw3aZWHMC6u0wJE3At+nSGwA==

vscode-oniguruma@^1.6.1:
  version "1.6.2"
  resolved "https://registry.npmjs.org/vscode-oniguruma/-/vscode-oniguruma-1.6.2.tgz"
  integrity sha512-KH8+KKov5eS/9WhofZR8M8dMHWN2gTxjMsG4jd04YhpbPR91fUj7rYQ2/XjeHCJWbg7X++ApRIU9NUwM2vTvLA==

vscode-textmate@5.2.0:
  version "5.2.0"
  resolved "https://registry.npmjs.org/vscode-textmate/-/vscode-textmate-5.2.0.tgz"
  integrity sha512-Uw5ooOQxRASHgu6C7GVvUxisKXfSgW4oFlO+aa+PAkgmH89O3CXxEEzNRNtHSqtXFTl0nAC1uYj0GMSH27uwtQ==
